
Microsoft Visual Studio Solution File, Format Version 12.00
# Visual Studio Version 16
VisualStudioVersion = 16.0.31205.134
MinimumVisualStudioVersion = 10.0.40219.1
Project("{9A19103F-16F7-4668-BE54-9A1E7A4F7556}") = "FormatZPD", "FormatZPD\FormatZPD.csproj", "{DFDB4600-8A04-4D10-AA97-1EE1EE4A877C}"
EndProject
Global
	GlobalSection(SolutionConfigurationPlatforms) = preSolution
		Debug|Any CPU = Debug|Any CPU
		Release|Any CPU = Release|Any CPU
	EndGlobalSection
	GlobalSection(ProjectConfigurationPlatforms) = postSolution
		{DFDB4600-8A04-4D10-AA97-1EE1EE4A877C}.Debug|Any CPU.ActiveCfg = Debug|Any CPU
		{DFDB4600-8A04-4D10-AA97-1EE1EE4A877C}.Debug|Any CPU.Build.0 = Debug|Any CPU
		{DFDB4600-8A04-4D10-AA97-1EE1EE4A877C}.Release|Any CPU.ActiveCfg = Release|Any CPU
		{DFDB4600-8A04-4D10-AA97-1EE1EE4A877C}.Release|Any CPU.Build.0 = Release|Any CPU
	EndGlobalSection
	GlobalSection(SolutionProperties) = preSolution
		HideSolutionNode = FALSE
	EndGlobalSection
	GlobalSection(ExtensibilityGlobals) = postSolution
		SolutionGuid = {DB2425F2-419A-469E-88C3-AC1F5720FCA2}
	EndGlobalSection
EndGlobal
